
Microsoft Visual Studio Solution File, Format Version 12.00
# Visual Studio Version 17
VisualStudioVersion = 17.4.33122.133
MinimumVisualStudioVersion = 10.0.40219.1
Project("{FAE04EC0-301F-11D3-BF4B-00C04F79EFBC}") = "Fibonaci", "Fibonaci.csproj", "{5202F1D0-2648-4539-BFC8-C8EC53A73796}"
EndProject
Global
	GlobalSection(SolutionConfigurationPlatforms) = preSolution
		Debug|Any CPU = Debug|Any CPU
		Release|Any CPU = Release|Any CPU
	EndGlobalSection
	GlobalSection(ProjectConfigurationPlatforms) = postSolution
		{5202F1D0-2648-4539-BFC8-C8EC53A73796}.Debug|Any CPU.ActiveCfg = Debug|Any CPU
		{5202F1D0-2648-4539-BFC8-C8EC53A73796}.Debug|Any CPU.Build.0 = Debug|Any CPU
		{5202F1D0-2648-4539-BFC8-C8EC53A73796}.Release|Any CPU.ActiveCfg = Release|Any CPU
		{5202F1D0-2648-4539-BFC8-C8EC53A73796}.Release|Any CPU.Build.0 = Release|Any CPU
	EndGlobalSection
	GlobalSection(SolutionProperties) = preSolution
		HideSolutionNode = FALSE
	EndGlobalSection
	GlobalSection(ExtensibilityGlobals) = postSolution
		SolutionGuid = {E788D130-3365-47C5-84E1-37924C655007}
	EndGlobalSection
EndGlobal
